{
  "name": "vue-form-wizard",
  "version": "0.10.0",
  "lockfileVersion": 2,
  "requires": true,
  "packages": {
    "": {
      "name": "vue-form-wizard",
      "version": "0.10.0",
      "devDependencies": {},
      "engines": {
        "node": ">= 16.0.0",
        "npm": ">= 8.0.0"
      }
    }
  }
}
